
Microsoft Visual Studio Solution File, Format Version 12.00
# Visual Studio Version 16
VisualStudioVersion = 16.0.29613.14
MinimumVisualStudioVersion = 10.0.40219.1
Project("{FAE04EC0-301F-11D3-BF4B-00C04F79EFBC}") = "Cobra", "Cobra\Cobra.csproj", "{E956CB1F-85D7-46AF-92E2-B4630E74F4FF}"
EndProject
Global
	GlobalSection(SolutionConfigurationPlatforms) = preSolution
		Debug|Any CPU = Debug|Any CPU
		Release|Any CPU = Release|Any CPU
	EndGlobalSection
	GlobalSection(ProjectConfigurationPlatforms) = postSolution
		{E956CB1F-85D7-46AF-92E2-B4630E74F4FF}.Debug|Any CPU.ActiveCfg = Debug|Any CPU
		{E956CB1F-85D7-46AF-92E2-B4630E74F4FF}.Debug|Any CPU.Build.0 = Debug|Any CPU
		{E956CB1F-85D7-46AF-92E2-B4630E74F4FF}.Release|Any CPU.ActiveCfg = Release|Any CPU
		{E956CB1F-85D7-46AF-92E2-B4630E74F4FF}.Release|Any CPU.Build.0 = Release|Any CPU
	EndGlobalSection
	GlobalSection(SolutionProperties) = preSolution
		HideSolutionNode = FALSE
	EndGlobalSection
	GlobalSection(ExtensibilityGlobals) = postSolution
		SolutionGuid = {D14F1CCD-AC42-46B9-967B-5DF258844EEB}
	EndGlobalSection
EndGlobal
